
Microsoft Visual Studio Solution File, Format Version 12.00
# Visual Studio Version 17
VisualStudioVersion = 17.5.002.0
MinimumVisualStudioVersion = 10.0.40219.1
Project("{9A19103F-16F7-4668-BE54-9A1E7A4F7556}") = "tl2-tp6-2024-julietacolque", "tl2-tp6-2024-julietacolque.csproj", "{36740A8E-9671-47B6-AA28-7616CFB7F10A}"
EndProject
Global
	GlobalSection(SolutionConfigurationPlatforms) = preSolution
		Debug|Any CPU = Debug|Any CPU
		Release|Any CPU = Release|Any CPU
	EndGlobalSection
	GlobalSection(ProjectConfigurationPlatforms) = postSolution
		{36740A8E-9671-47B6-AA28-7616CFB7F10A}.Debug|Any CPU.ActiveCfg = Debug|Any CPU
		{36740A8E-9671-47B6-AA28-7616CFB7F10A}.Debug|Any CPU.Build.0 = Debug|Any CPU
		{36740A8E-9671-47B6-AA28-7616CFB7F10A}.Release|Any CPU.ActiveCfg = Release|Any CPU
		{36740A8E-9671-47B6-AA28-7616CFB7F10A}.Release|Any CPU.Build.0 = Release|Any CPU
	EndGlobalSection
	GlobalSection(SolutionProperties) = preSolution
		HideSolutionNode = FALSE
	EndGlobalSection
	GlobalSection(ExtensibilityGlobals) = postSolution
		SolutionGuid = {11F239D0-BA49-4BC5-95CA-FA08C57B505D}
	EndGlobalSection
EndGlobal
